
Microsoft Visual Studio Solution File, Format Version 12.00
# Visual Studio 2015
Project("{FAE04EC0-301F-11D3-BF4B-00C04F79EFBC}") = "UnityVS.DemoBattle3D.CSharp.Plugins", "UnityVS.DemoBattle3D.CSharp.Plugins.csproj", "{2184A236-8B52-7E14-5276-3AE1FD647EDE}"
EndProject
Global
	GlobalSection(SolutionConfigurationPlatforms) = preSolution
		Debug|Any CPU = Debug|Any CPU
		Release|Any CPU = Release|Any CPU
	EndGlobalSection
	GlobalSection(ProjectConfigurationPlatforms) = postSolution
		{2184A236-8B52-7E14-5276-3AE1FD647EDE}.Debug|Any CPU.ActiveCfg = Debug|Any CPU
		{2184A236-8B52-7E14-5276-3AE1FD647EDE}.Debug|Any CPU.Build.0 = Debug|Any CPU
		{2184A236-8B52-7E14-5276-3AE1FD647EDE}.Release|Any CPU.ActiveCfg = Release|Any CPU
		{2184A236-8B52-7E14-5276-3AE1FD647EDE}.Release|Any CPU.Build.0 = Release|Any CPU
	EndGlobalSection
	GlobalSection(SolutionProperties) = preSolution
		HideSolutionNode = FALSE
	EndGlobalSection
EndGlobal
